
Microsoft Visual Studio Solution File, Format Version 12.00
# Visual Studio Version 17
VisualStudioVersion = 17.5.002.0
MinimumVisualStudioVersion = 10.0.40219.1
Project("{9A19103F-16F7-4668-BE54-9A1E7A4F7556}") = "VirtuSphere", "VirtuSphere.csproj", "{7E20A752-1274-4908-ADA1-BE6F2E6AEDA0}"
EndProject
Global
	GlobalSection(SolutionConfigurationPlatforms) = preSolution
		Debug|Any CPU = Debug|Any CPU
		Release|Any CPU = Release|Any CPU
	EndGlobalSection
	GlobalSection(ProjectConfigurationPlatforms) = postSolution
		{7E20A752-1274-4908-ADA1-BE6F2E6AEDA0}.Debug|Any CPU.ActiveCfg = Debug|Any CPU
		{7E20A752-1274-4908-ADA1-BE6F2E6AEDA0}.Debug|Any CPU.Build.0 = Debug|Any CPU
		{7E20A752-1274-4908-ADA1-BE6F2E6AEDA0}.Release|Any CPU.ActiveCfg = Release|Any CPU
		{7E20A752-1274-4908-ADA1-BE6F2E6AEDA0}.Release|Any CPU.Build.0 = Release|Any CPU
	EndGlobalSection
	GlobalSection(SolutionProperties) = preSolution
		HideSolutionNode = FALSE
	EndGlobalSection
	GlobalSection(ExtensibilityGlobals) = postSolution
		SolutionGuid = {6A54D61F-6698-4534-B32A-F6EA4CC26BF0}
	EndGlobalSection
EndGlobal
